
Microsoft Visual Studio Solution File, Format Version 12.00
# Visual Studio Version 17
VisualStudioVersion = 17.0.31903.59
MinimumVisualStudioVersion = 10.0.40219.1
Project("{2150E333-8FDC-42A3-9474-1A3956D46DE8}") = "src", "src", "{AE847E30-32D8-4962-9012-64FC93A1C645}"
EndProject
Project("{2150E333-8FDC-42A3-9474-1A3956D46DE8}") = "services", "services", "{F4524B79-6009-4F37-94E7-0308FEE020EB}"
EndProject
Project("{2150E333-8FDC-42A3-9474-1A3956D46DE8}") = "ProductInventory", "ProductInventory", "{80B8944B-CC58-42B3-AC46-4FC5F3FBA12A}"
EndProject
Project("{FAE04EC0-301F-11D3-BF4B-00C04F79EFBC}") = "ProductInventory.API", "src\services\ProductInventory\ProductInventory.API\ProductInventory.API.csproj", "{D9E4B02D-A151-4E58-A555-2F3727011D44}"
EndProject
Project("{FAE04EC0-301F-11D3-BF4B-00C04F79EFBC}") = "ProductInventory.Business", "src\services\ProductInventory\ProductInventory.Business\ProductInventory.Business.csproj", "{9ACCA400-909A-4096-9F02-E47E4EC2CDFD}"
EndProject
Project("{FAE04EC0-301F-11D3-BF4B-00C04F79EFBC}") = "ProductInventory.DataAccess", "src\services\ProductInventory\ProductInventory.DataAccess\ProductInventory.DataAccess.csproj", "{7AA7A54A-25C0-4F8A-91E4-BD8F7910D164}"
EndProject
Project("{FAE04EC0-301F-11D3-BF4B-00C04F79EFBC}") = "ProductInventory.Domain", "src\services\ProductInventory\ProductInventory.Domain\ProductInventory.Domain.csproj", "{2ED8EC7D-816C-41BB-87DC-5960AA2B2439}"
EndProject
Project("{2150E333-8FDC-42A3-9474-1A3956D46DE8}") = "Solution Items", "Solution Items", "{E3E742FA-DB69-4F4F-830F-986B8253B793}"
	ProjectSection(SolutionItems) = preProject
		docker-compose.yml = docker-compose.yml
	EndProjectSection
EndProject
Project("{2150E333-8FDC-42A3-9474-1A3956D46DE8}") = "OrderManagement", "OrderManagement", "{B5A59133-CA80-479A-94CB-38D2A3381A32}"
EndProject
Project("{FAE04EC0-301F-11D3-BF4B-00C04F79EFBC}") = "OrderManagement.API", "src\services\OrderManagement\OrderManagement.API\OrderManagement.API.csproj", "{A0B93751-43FC-4834-83EB-B00065A5973E}"
EndProject
Project("{FAE04EC0-301F-11D3-BF4B-00C04F79EFBC}") = "OrderManagement.Business", "src\services\OrderManagement\OrderManagement.Business\OrderManagement.Business.csproj", "{F8D4C5D6-D05E-46B5-9E15-241EEFE806F2}"
EndProject
Project("{FAE04EC0-301F-11D3-BF4B-00C04F79EFBC}") = "OrderManagement.DataAccess", "src\services\OrderManagement\OrderManagement.DataAccess\OrderManagement.DataAccess.csproj", "{C56C6A84-AD0B-43DD-A6E5-BDB00EE3A467}"
EndProject
Project("{FAE04EC0-301F-11D3-BF4B-00C04F79EFBC}") = "OrderManagement.Domain", "src\services\OrderManagement\OrderManagement.Domain\OrderManagement.Domain.csproj", "{852BC117-F3B3-429C-9DA8-72A8E142350D}"
EndProject
Project("{2150E333-8FDC-42A3-9474-1A3956D46DE8}") = "BasketService", "BasketService", "{9EE7DC79-6A7B-4C71-B94F-1CB272953BDE}"
EndProject
Project("{FAE04EC0-301F-11D3-BF4B-00C04F79EFBC}") = "BasketService.API", "src\services\BasketService\BasketService.API\BasketService.API.csproj", "{B511EB38-77A5-437B-90FF-06F726596899}"
EndProject
Project("{FAE04EC0-301F-11D3-BF4B-00C04F79EFBC}") = "BasketService.Domain", "src\services\BasketService\BasketService.Domain\BasketService.Domain.csproj", "{9252F94C-28D4-4B54-B052-17B57B70B5EB}"
EndProject
Project("{FAE04EC0-301F-11D3-BF4B-00C04F79EFBC}") = "BasketService.Application", "src\services\BasketService\BasketService.Application\BasketService.Application.csproj", "{5E5470B7-D77E-4070-8145-AD036322D892}"
EndProject
Project("{FAE04EC0-301F-11D3-BF4B-00C04F79EFBC}") = "BasketService.Infrastructure", "src\services\BasketService\BasketService.Infrastructure\BasketService.Infrastructure.csproj", "{997418F8-8379-429D-AEB7-4A26CC65B410}"
EndProject
Project("{2150E333-8FDC-42A3-9474-1A3956D46DE8}") = "common", "common", "{9916CD20-267F-432C-8526-131A4FD8DE41}"
EndProject
Project("{FAE04EC0-301F-11D3-BF4B-00C04F79EFBC}") = "Common", "src\common\Common\Common.csproj", "{AC75DA9A-2EDE-4B25-8B77-AB3BAA2C6208}"
EndProject
Project("{2150E333-8FDC-42A3-9474-1A3956D46DE8}") = "AuthService", "AuthService", "{18F3BE67-62D4-4A72-B8C3-D6528BEC29BB}"
EndProject
Project("{FAE04EC0-301F-11D3-BF4B-00C04F79EFBC}") = "AuthService.API", "src\services\AuthService\AuthService.API\AuthService.API.csproj", "{7EA33CC2-3480-46FD-A185-CE0ED5986F3A}"
EndProject
Project("{FAE04EC0-301F-11D3-BF4B-00C04F79EFBC}") = "AuthService.Application", "src\services\AuthService\AuthService.Application\AuthService.Application.csproj", "{24362B4F-CA7E-4F5D-8E23-D8B746AF9393}"
EndProject
Project("{FAE04EC0-301F-11D3-BF4B-00C04F79EFBC}") = "AuthService.Infrastructure", "src\services\AuthService\AuthService.Infrastructure\AuthService.Infrastructure.csproj", "{A867889D-CF0C-4A79-A83A-72DC8835FD21}"
EndProject
Project("{FAE04EC0-301F-11D3-BF4B-00C04F79EFBC}") = "AuthService.Domain", "src\services\AuthService\AuthService.Domain\AuthService.Domain.csproj", "{5B48DBDD-C02C-4491-B30D-44E198FD7E7F}"
EndProject
Project("{FAE04EC0-301F-11D3-BF4B-00C04F79EFBC}") = "Common.CQRS", "src\common\Common.CQRS\Common.CQRS.csproj", "{CDB04CC7-030E-42DE-94D2-DD717F5459A8}"
EndProject
Project("{2150E333-8FDC-42A3-9474-1A3956D46DE8}") = "CommunityService", "CommunityService", "{9BAF5FD7-C2C8-4D4D-A07D-A6DB06AF40F9}"
EndProject
Project("{FAE04EC0-301F-11D3-BF4B-00C04F79EFBC}") = "CommunityService.Domain", "src\services\CommunityService\CommunityService.Domain\CommunityService.Domain.csproj", "{697C7F98-AC60-4705-AA61-FC0A318B5DBA}"
EndProject
Project("{FAE04EC0-301F-11D3-BF4B-00C04F79EFBC}") = "CommunityService.Application", "src\services\CommunityService\CommunityService.Application\CommunityService.Application.csproj", "{86B503C9-C161-418A-A677-0B93CAA1AF1C}"
EndProject
Project("{FAE04EC0-301F-11D3-BF4B-00C04F79EFBC}") = "CommunityService.Infrastructure", "src\services\CommunityService\CommunityService.Infrastructure\CommunityService.Infrastructure.csproj", "{3A122054-A9C8-46DE-A28D-ADE248A66C36}"
EndProject
Project("{FAE04EC0-301F-11D3-BF4B-00C04F79EFBC}") = "CommunityService.API", "src\services\CommunityService\CommunityService.API\CommunityService.API.csproj", "{F91F909D-CE3F-4AAB-8FDB-D83FAE027CC2}"
EndProject
Global
	GlobalSection(SolutionConfigurationPlatforms) = preSolution
		Debug|Any CPU = Debug|Any CPU
		Release|Any CPU = Release|Any CPU
	EndGlobalSection
	GlobalSection(SolutionProperties) = preSolution
		HideSolutionNode = FALSE
	EndGlobalSection
	GlobalSection(NestedProjects) = preSolution
		{F4524B79-6009-4F37-94E7-0308FEE020EB} = {AE847E30-32D8-4962-9012-64FC93A1C645}
		{80B8944B-CC58-42B3-AC46-4FC5F3FBA12A} = {F4524B79-6009-4F37-94E7-0308FEE020EB}
		{D9E4B02D-A151-4E58-A555-2F3727011D44} = {80B8944B-CC58-42B3-AC46-4FC5F3FBA12A}
		{9ACCA400-909A-4096-9F02-E47E4EC2CDFD} = {80B8944B-CC58-42B3-AC46-4FC5F3FBA12A}
		{7AA7A54A-25C0-4F8A-91E4-BD8F7910D164} = {80B8944B-CC58-42B3-AC46-4FC5F3FBA12A}
		{2ED8EC7D-816C-41BB-87DC-5960AA2B2439} = {80B8944B-CC58-42B3-AC46-4FC5F3FBA12A}
		{B5A59133-CA80-479A-94CB-38D2A3381A32} = {F4524B79-6009-4F37-94E7-0308FEE020EB}
		{A0B93751-43FC-4834-83EB-B00065A5973E} = {B5A59133-CA80-479A-94CB-38D2A3381A32}
		{F8D4C5D6-D05E-46B5-9E15-241EEFE806F2} = {B5A59133-CA80-479A-94CB-38D2A3381A32}
		{C56C6A84-AD0B-43DD-A6E5-BDB00EE3A467} = {B5A59133-CA80-479A-94CB-38D2A3381A32}
		{852BC117-F3B3-429C-9DA8-72A8E142350D} = {B5A59133-CA80-479A-94CB-38D2A3381A32}
		{9EE7DC79-6A7B-4C71-B94F-1CB272953BDE} = {F4524B79-6009-4F37-94E7-0308FEE020EB}
		{B511EB38-77A5-437B-90FF-06F726596899} = {9EE7DC79-6A7B-4C71-B94F-1CB272953BDE}
		{9252F94C-28D4-4B54-B052-17B57B70B5EB} = {9EE7DC79-6A7B-4C71-B94F-1CB272953BDE}
		{5E5470B7-D77E-4070-8145-AD036322D892} = {9EE7DC79-6A7B-4C71-B94F-1CB272953BDE}
		{997418F8-8379-429D-AEB7-4A26CC65B410} = {9EE7DC79-6A7B-4C71-B94F-1CB272953BDE}
		{9916CD20-267F-432C-8526-131A4FD8DE41} = {AE847E30-32D8-4962-9012-64FC93A1C645}
		{AC75DA9A-2EDE-4B25-8B77-AB3BAA2C6208} = {9916CD20-267F-432C-8526-131A4FD8DE41}
		{18F3BE67-62D4-4A72-B8C3-D6528BEC29BB} = {F4524B79-6009-4F37-94E7-0308FEE020EB}
		{7EA33CC2-3480-46FD-A185-CE0ED5986F3A} = {18F3BE67-62D4-4A72-B8C3-D6528BEC29BB}
		{24362B4F-CA7E-4F5D-8E23-D8B746AF9393} = {18F3BE67-62D4-4A72-B8C3-D6528BEC29BB}
		{A867889D-CF0C-4A79-A83A-72DC8835FD21} = {18F3BE67-62D4-4A72-B8C3-D6528BEC29BB}
		{5B48DBDD-C02C-4491-B30D-44E198FD7E7F} = {18F3BE67-62D4-4A72-B8C3-D6528BEC29BB}
		{CDB04CC7-030E-42DE-94D2-DD717F5459A8} = {9916CD20-267F-432C-8526-131A4FD8DE41}
		{9BAF5FD7-C2C8-4D4D-A07D-A6DB06AF40F9} = {F4524B79-6009-4F37-94E7-0308FEE020EB}
		{697C7F98-AC60-4705-AA61-FC0A318B5DBA} = {9BAF5FD7-C2C8-4D4D-A07D-A6DB06AF40F9}
		{86B503C9-C161-418A-A677-0B93CAA1AF1C} = {9BAF5FD7-C2C8-4D4D-A07D-A6DB06AF40F9}
		{3A122054-A9C8-46DE-A28D-ADE248A66C36} = {9BAF5FD7-C2C8-4D4D-A07D-A6DB06AF40F9}
		{F91F909D-CE3F-4AAB-8FDB-D83FAE027CC2} = {9BAF5FD7-C2C8-4D4D-A07D-A6DB06AF40F9}
	EndGlobalSection
	GlobalSection(ProjectConfigurationPlatforms) = postSolution
		{D9E4B02D-A151-4E58-A555-2F3727011D44}.Debug|Any CPU.ActiveCfg = Debug|Any CPU
		{D9E4B02D-A151-4E58-A555-2F3727011D44}.Debug|Any CPU.Build.0 = Debug|Any CPU
		{D9E4B02D-A151-4E58-A555-2F3727011D44}.Release|Any CPU.ActiveCfg = Release|Any CPU
		{D9E4B02D-A151-4E58-A555-2F3727011D44}.Release|Any CPU.Build.0 = Release|Any CPU
		{9ACCA400-909A-4096-9F02-E47E4EC2CDFD}.Debug|Any CPU.ActiveCfg = Debug|Any CPU
		{9ACCA400-909A-4096-9F02-E47E4EC2CDFD}.Debug|Any CPU.Build.0 = Debug|Any CPU
		{9ACCA400-909A-4096-9F02-E47E4EC2CDFD}.Release|Any CPU.ActiveCfg = Release|Any CPU
		{9ACCA400-909A-4096-9F02-E47E4EC2CDFD}.Release|Any CPU.Build.0 = Release|Any CPU
		{7AA7A54A-25C0-4F8A-91E4-BD8F7910D164}.Debug|Any CPU.ActiveCfg = Debug|Any CPU
		{7AA7A54A-25C0-4F8A-91E4-BD8F7910D164}.Debug|Any CPU.Build.0 = Debug|Any CPU
		{7AA7A54A-25C0-4F8A-91E4-BD8F7910D164}.Release|Any CPU.ActiveCfg = Release|Any CPU
		{7AA7A54A-25C0-4F8A-91E4-BD8F7910D164}.Release|Any CPU.Build.0 = Release|Any CPU
		{2ED8EC7D-816C-41BB-87DC-5960AA2B2439}.Debug|Any CPU.ActiveCfg = Debug|Any CPU
		{2ED8EC7D-816C-41BB-87DC-5960AA2B2439}.Debug|Any CPU.Build.0 = Debug|Any CPU
		{2ED8EC7D-816C-41BB-87DC-5960AA2B2439}.Release|Any CPU.ActiveCfg = Release|Any CPU
		{2ED8EC7D-816C-41BB-87DC-5960AA2B2439}.Release|Any CPU.Build.0 = Release|Any CPU
		{A0B93751-43FC-4834-83EB-B00065A5973E}.Debug|Any CPU.ActiveCfg = Debug|Any CPU
		{A0B93751-43FC-4834-83EB-B00065A5973E}.Debug|Any CPU.Build.0 = Debug|Any CPU
		{A0B93751-43FC-4834-83EB-B00065A5973E}.Release|Any CPU.ActiveCfg = Release|Any CPU
		{A0B93751-43FC-4834-83EB-B00065A5973E}.Release|Any CPU.Build.0 = Release|Any CPU
		{F8D4C5D6-D05E-46B5-9E15-241EEFE806F2}.Debug|Any CPU.ActiveCfg = Debug|Any CPU
		{F8D4C5D6-D05E-46B5-9E15-241EEFE806F2}.Debug|Any CPU.Build.0 = Debug|Any CPU
		{F8D4C5D6-D05E-46B5-9E15-241EEFE806F2}.Release|Any CPU.ActiveCfg = Release|Any CPU
		{F8D4C5D6-D05E-46B5-9E15-241EEFE806F2}.Release|Any CPU.Build.0 = Release|Any CPU
		{C56C6A84-AD0B-43DD-A6E5-BDB00EE3A467}.Debug|Any CPU.ActiveCfg = Debug|Any CPU
		{C56C6A84-AD0B-43DD-A6E5-BDB00EE3A467}.Debug|Any CPU.Build.0 = Debug|Any CPU
		{C56C6A84-AD0B-43DD-A6E5-BDB00EE3A467}.Release|Any CPU.ActiveCfg = Release|Any CPU
		{C56C6A84-AD0B-43DD-A6E5-BDB00EE3A467}.Release|Any CPU.Build.0 = Release|Any CPU
		{852BC117-F3B3-429C-9DA8-72A8E142350D}.Debug|Any CPU.ActiveCfg = Debug|Any CPU
		{852BC117-F3B3-429C-9DA8-72A8E142350D}.Debug|Any CPU.Build.0 = Debug|Any CPU
		{852BC117-F3B3-429C-9DA8-72A8E142350D}.Release|Any CPU.ActiveCfg = Release|Any CPU
		{852BC117-F3B3-429C-9DA8-72A8E142350D}.Release|Any CPU.Build.0 = Release|Any CPU
		{B511EB38-77A5-437B-90FF-06F726596899}.Debug|Any CPU.ActiveCfg = Debug|Any CPU
		{B511EB38-77A5-437B-90FF-06F726596899}.Debug|Any CPU.Build.0 = Debug|Any CPU
		{B511EB38-77A5-437B-90FF-06F726596899}.Release|Any CPU.ActiveCfg = Release|Any CPU
		{B511EB38-77A5-437B-90FF-06F726596899}.Release|Any CPU.Build.0 = Release|Any CPU
		{9252F94C-28D4-4B54-B052-17B57B70B5EB}.Debug|Any CPU.ActiveCfg = Debug|Any CPU
		{9252F94C-28D4-4B54-B052-17B57B70B5EB}.Debug|Any CPU.Build.0 = Debug|Any CPU
		{9252F94C-28D4-4B54-B052-17B57B70B5EB}.Release|Any CPU.ActiveCfg = Release|Any CPU
		{9252F94C-28D4-4B54-B052-17B57B70B5EB}.Release|Any CPU.Build.0 = Release|Any CPU
		{5E5470B7-D77E-4070-8145-AD036322D892}.Debug|Any CPU.ActiveCfg = Debug|Any CPU
		{5E5470B7-D77E-4070-8145-AD036322D892}.Debug|Any CPU.Build.0 = Debug|Any CPU
		{5E5470B7-D77E-4070-8145-AD036322D892}.Release|Any CPU.ActiveCfg = Release|Any CPU
		{5E5470B7-D77E-4070-8145-AD036322D892}.Release|Any CPU.Build.0 = Release|Any CPU
		{997418F8-8379-429D-AEB7-4A26CC65B410}.Debug|Any CPU.ActiveCfg = Debug|Any CPU
		{997418F8-8379-429D-AEB7-4A26CC65B410}.Debug|Any CPU.Build.0 = Debug|Any CPU
		{997418F8-8379-429D-AEB7-4A26CC65B410}.Release|Any CPU.ActiveCfg = Release|Any CPU
		{997418F8-8379-429D-AEB7-4A26CC65B410}.Release|Any CPU.Build.0 = Release|Any CPU
		{AC75DA9A-2EDE-4B25-8B77-AB3BAA2C6208}.Debug|Any CPU.ActiveCfg = Debug|Any CPU
		{AC75DA9A-2EDE-4B25-8B77-AB3BAA2C6208}.Debug|Any CPU.Build.0 = Debug|Any CPU
		{AC75DA9A-2EDE-4B25-8B77-AB3BAA2C6208}.Release|Any CPU.ActiveCfg = Release|Any CPU
		{AC75DA9A-2EDE-4B25-8B77-AB3BAA2C6208}.Release|Any CPU.Build.0 = Release|Any CPU
		{7EA33CC2-3480-46FD-A185-CE0ED5986F3A}.Debug|Any CPU.ActiveCfg = Debug|Any CPU
		{7EA33CC2-3480-46FD-A185-CE0ED5986F3A}.Debug|Any CPU.Build.0 = Debug|Any CPU
		{7EA33CC2-3480-46FD-A185-CE0ED5986F3A}.Release|Any CPU.ActiveCfg = Release|Any CPU
		{7EA33CC2-3480-46FD-A185-CE0ED5986F3A}.Release|Any CPU.Build.0 = Release|Any CPU
		{24362B4F-CA7E-4F5D-8E23-D8B746AF9393}.Debug|Any CPU.ActiveCfg = Debug|Any CPU
		{24362B4F-CA7E-4F5D-8E23-D8B746AF9393}.Debug|Any CPU.Build.0 = Debug|Any CPU
		{24362B4F-CA7E-4F5D-8E23-D8B746AF9393}.Release|Any CPU.ActiveCfg = Release|Any CPU
		{24362B4F-CA7E-4F5D-8E23-D8B746AF9393}.Release|Any CPU.Build.0 = Release|Any CPU
		{A867889D-CF0C-4A79-A83A-72DC8835FD21}.Debug|Any CPU.ActiveCfg = Debug|Any CPU
		{A867889D-CF0C-4A79-A83A-72DC8835FD21}.Debug|Any CPU.Build.0 = Debug|Any CPU
		{A867889D-CF0C-4A79-A83A-72DC8835FD21}.Release|Any CPU.ActiveCfg = Release|Any CPU
		{A867889D-CF0C-4A79-A83A-72DC8835FD21}.Release|Any CPU.Build.0 = Release|Any CPU
		{5B48DBDD-C02C-4491-B30D-44E198FD7E7F}.Debug|Any CPU.ActiveCfg = Debug|Any CPU
		{5B48DBDD-C02C-4491-B30D-44E198FD7E7F}.Debug|Any CPU.Build.0 = Debug|Any CPU
		{5B48DBDD-C02C-4491-B30D-44E198FD7E7F}.Release|Any CPU.ActiveCfg = Release|Any CPU
		{5B48DBDD-C02C-4491-B30D-44E198FD7E7F}.Release|Any CPU.Build.0 = Release|Any CPU
		{CDB04CC7-030E-42DE-94D2-DD717F5459A8}.Debug|Any CPU.ActiveCfg = Debug|Any CPU
		{CDB04CC7-030E-42DE-94D2-DD717F5459A8}.Debug|Any CPU.Build.0 = Debug|Any CPU
		{CDB04CC7-030E-42DE-94D2-DD717F5459A8}.Release|Any CPU.ActiveCfg = Release|Any CPU
		{CDB04CC7-030E-42DE-94D2-DD717F5459A8}.Release|Any CPU.Build.0 = Release|Any CPU
		{697C7F98-AC60-4705-AA61-FC0A318B5DBA}.Debug|Any CPU.ActiveCfg = Debug|Any CPU
		{697C7F98-AC60-4705-AA61-FC0A318B5DBA}.Debug|Any CPU.Build.0 = Debug|Any CPU
		{697C7F98-AC60-4705-AA61-FC0A318B5DBA}.Release|Any CPU.ActiveCfg = Release|Any CPU
		{697C7F98-AC60-4705-AA61-FC0A318B5DBA}.Release|Any CPU.Build.0 = Release|Any CPU
		{86B503C9-C161-418A-A677-0B93CAA1AF1C}.Debug|Any CPU.ActiveCfg = Debug|Any CPU
		{86B503C9-C161-418A-A677-0B93CAA1AF1C}.Debug|Any CPU.Build.0 = Debug|Any CPU
		{86B503C9-C161-418A-A677-0B93CAA1AF1C}.Release|Any CPU.ActiveCfg = Release|Any CPU
		{86B503C9-C161-418A-A677-0B93CAA1AF1C}.Release|Any CPU.Build.0 = Release|Any CPU
		{3A122054-A9C8-46DE-A28D-ADE248A66C36}.Debug|Any CPU.ActiveCfg = Debug|Any CPU
		{3A122054-A9C8-46DE-A28D-ADE248A66C36}.Debug|Any CPU.Build.0 = Debug|Any CPU
		{3A122054-A9C8-46DE-A28D-ADE248A66C36}.Release|Any CPU.ActiveCfg = Release|Any CPU
		{3A122054-A9C8-46DE-A28D-ADE248A66C36}.Release|Any CPU.Build.0 = Release|Any CPU
		{F91F909D-CE3F-4AAB-8FDB-D83FAE027CC2}.Debug|Any CPU.ActiveCfg = Debug|Any CPU
		{F91F909D-CE3F-4AAB-8FDB-D83FAE027CC2}.Debug|Any CPU.Build.0 = Debug|Any CPU
		{F91F909D-CE3F-4AAB-8FDB-D83FAE027CC2}.Release|Any CPU.ActiveCfg = Release|Any CPU
		{F91F909D-CE3F-4AAB-8FDB-D83FAE027CC2}.Release|Any CPU.Build.0 = Release|Any CPU
	EndGlobalSection
EndGlobal
